
Microsoft Visual Studio Solution File, Format Version 12.00
# Visual Studio Version 17
VisualStudioVersion = 17.5.002.0
MinimumVisualStudioVersion = 10.0.40219.1
Project("{9A19103F-16F7-4668-BE54-9A1E7A4F7556}") = "Atividade", "Atividade\Atividade.csproj", "{B688B6FD-0F9D-4E41-8EE9-984184C67EDB}"
EndProject
Global
	GlobalSection(SolutionConfigurationPlatforms) = preSolution
		Debug|Any CPU = Debug|Any CPU
		Release|Any CPU = Release|Any CPU
	EndGlobalSection
	GlobalSection(ProjectConfigurationPlatforms) = postSolution
		{B688B6FD-0F9D-4E41-8EE9-984184C67EDB}.Debug|Any CPU.ActiveCfg = Debug|Any CPU
		{B688B6FD-0F9D-4E41-8EE9-984184C67EDB}.Debug|Any CPU.Build.0 = Debug|Any CPU
		{B688B6FD-0F9D-4E41-8EE9-984184C67EDB}.Release|Any CPU.ActiveCfg = Release|Any CPU
		{B688B6FD-0F9D-4E41-8EE9-984184C67EDB}.Release|Any CPU.Build.0 = Release|Any CPU
	EndGlobalSection
	GlobalSection(SolutionProperties) = preSolution
		HideSolutionNode = FALSE
	EndGlobalSection
	GlobalSection(ExtensibilityGlobals) = postSolution
		SolutionGuid = {1D82AA8A-6BF4-4F67-9A02-9B401F8AC5F6}
	EndGlobalSection
EndGlobal
